// !$*UTF8*$!
{
	archiveVersion = 1;
	classes = {
	};
	objectVersion = 50;
	objects = {

/* Begin PBXBuildFile section */
		7E3DBA2E26DF1F5C00ACFA2F /* AppDelegate.swift in Sources */ = {isa = PBXBuildFile; fileRef = 7E3DBA2D26DF1F5C00ACFA2F /* AppDelegate.swift */; };
		7E3DBA3026DF1F5C00ACFA2F /* SceneDelegate.swift in Sources */ = {isa = PBXBuildFile; fileRef = 7E3DBA2F26DF1F5C00ACFA2F /* SceneDelegate.swift */; };
		7E3DBA3726DF1F6000ACFA2F /* Assets.xcassets in Resources */ = {isa = PBXBuildFile; fileRef = 7E3DBA3626DF1F6000ACFA2F /* Assets.xcassets */; };
		7E3DBA3A26DF1F6000ACFA2F /* LaunchScreen.storyboard in Resources */ = {isa = PBXBuildFile; fileRef = 7E3DBA3826DF1F6000ACFA2F /* LaunchScreen.storyboard */; };
		7E3DBA4226DF206300ACFA2F /* HomeViewController.swift in Sources */ = {isa = PBXBuildFile; fileRef = 7E3DBA4126DF206300ACFA2F /* HomeViewController.swift */; };
		7E3DBA4626DF29F000ACFA2F /* HomeView.swift in Sources */ = {isa = PBXBuildFile; fileRef = 7E3DBA4526DF29F000ACFA2F /* HomeView.swift */; };
		7E3DBA4826DFF55300ACFA2F /* NewClassViewController.swift in Sources */ = {isa = PBXBuildFile; fileRef = 7E3DBA4726DFF55300ACFA2F /* NewClassViewController.swift */; };
		7E3DBA4A26DFF57000ACFA2F /* NewClassView.swift in Sources */ = {isa = PBXBuildFile; fileRef = 7E3DBA4926DFF57000ACFA2F /* NewClassView.swift */; };
		7E3DBA4D26DFF71200ACFA2F /* Class.swift in Sources */ = {isa = PBXBuildFile; fileRef = 7E3DBA4C26DFF71200ACFA2F /* Class.swift */; };
		7E3DBA5026E3122C00ACFA2F /* ClassNameCell.swift in Sources */ = {isa = PBXBuildFile; fileRef = 7E3DBA4F26E3122C00ACFA2F /* ClassNameCell.swift */; };
		7E3DBA7C26E477C200ACFA2F /* MyGrade.xcdatamodeld in Sources */ = {isa = PBXBuildFile; fileRef = 7E3DBA7A26E477C200ACFA2F /* MyGrade.xcdatamodeld */; };
		7E3DBA8326E9AB4100ACFA2F /* TextFieldTags.swift in Sources */ = {isa = PBXBuildFile; fileRef = 7E3DBA8226E9AB4100ACFA2F /* TextFieldTags.swift */; };
		7E3DBA8626EA85F000ACFA2F /* TableViewCellsIdentifier.swift in Sources */ = {isa = PBXBuildFile; fileRef = 7E3DBA8526EA85F000ACFA2F /* TableViewCellsIdentifier.swift */; };
		7E3DBA8826EA92B500ACFA2F /* ClassListCell.swift in Sources */ = {isa = PBXBuildFile; fileRef = 7E3DBA8726EA92B500ACFA2F /* ClassListCell.swift */; };
/* End PBXBuildFile section */

/* Begin PBXFileReference section */
		7E3DBA2A26DF1F5C00ACFA2F /* MyGrade.app */ = {isa = PBXFileReference; explicitFileType = wrapper.application; includeInIndex = 0; path = MyGrade.app; sourceTree = BUILT_PRODUCTS_DIR; };
		7E3DBA2D26DF1F5C00ACFA2F /* AppDelegate.swift */ = {isa = PBXFileReference; lastKnownFileType = sourcecode.swift; path = AppDelegate.swift; sourceTree = "<group>"; };
		7E3DBA2F26DF1F5C00ACFA2F /* SceneDelegate.swift */ = {isa = PBXFileReference; lastKnownFileType = sourcecode.swift; path = SceneDelegate.swift; sourceTree = "<group>"; };
		7E3DBA3626DF1F6000ACFA2F /* Assets.xcassets */ = {isa = PBXFileReference; lastKnownFileType = folder.assetcatalog; path = Assets.xcassets; sourceTree = "<group>"; };
		7E3DBA3926DF1F6000ACFA2F /* Base */ = {isa = PBXFileReference; lastKnownFileType = file.storyboard; name = Base; path = Base.lproj/LaunchScreen.storyboard; sourceTree = "<group>"; };
		7E3DBA3B26DF1F6000ACFA2F /* Info.plist */ = {isa = PBXFileReference; lastKnownFileType = text.plist.xml; path = Info.plist; sourceTree = "<group>"; };
		7E3DBA4126DF206300ACFA2F /* HomeViewController.swift */ = {isa = PBXFileReference; lastKnownFileType = sourcecode.swift; path = HomeViewController.swift; sourceTree = "<group>"; };
		7E3DBA4526DF29F000ACFA2F /* HomeView.swift */ = {isa = PBXFileReference; lastKnownFileType = sourcecode.swift; path = HomeView.swift; sourceTree = "<group>"; };
		7E3DBA4726DFF55300ACFA2F /* NewClassViewController.swift */ = {isa = PBXFileReference; lastKnownFileType = sourcecode.swift; path = NewClassViewController.swift; sourceTree = "<group>"; };
		7E3DBA4926DFF57000ACFA2F /* NewClassView.swift */ = {isa = PBXFileReference; lastKnownFileType = sourcecode.swift; path = NewClassView.swift; sourceTree = "<group>"; };
		7E3DBA4C26DFF71200ACFA2F /* Class.swift */ = {isa = PBXFileReference; lastKnownFileType = sourcecode.swift; path = Class.swift; sourceTree = "<group>"; };
		7E3DBA4F26E3122C00ACFA2F /* ClassNameCell.swift */ = {isa = PBXFileReference; lastKnownFileType = sourcecode.swift; path = ClassNameCell.swift; sourceTree = "<group>"; };
		7E3DBA7B26E477C200ACFA2F /* MyGrade.xcdatamodel */ = {isa = PBXFileReference; lastKnownFileType = wrapper.xcdatamodel; path = MyGrade.xcdatamodel; sourceTree = "<group>"; };
		7E3DBA8226E9AB4100ACFA2F /* TextFieldTags.swift */ = {isa = PBXFileReference; lastKnownFileType = sourcecode.swift; path = TextFieldTags.swift; sourceTree = "<group>"; };
		7E3DBA8526EA85F000ACFA2F /* TableViewCellsIdentifier.swift */ = {isa = PBXFileReference; lastKnownFileType = sourcecode.swift; path = TableViewCellsIdentifier.swift; sourceTree = "<group>"; };
		7E3DBA8726EA92B500ACFA2F /* ClassListCell.swift */ = {isa = PBXFileReference; lastKnownFileType = sourcecode.swift; path = ClassListCell.swift; sourceTree = "<group>"; };
/* End PBXFileReference section */

/* Begin PBXFrameworksBuildPhase section */
		7E3DBA2726DF1F5C00ACFA2F /* Frameworks */ = {
			isa = PBXFrameworksBuildPhase;
			buildActionMask = 2147483647;
			files = (
			);
			runOnlyForDeploymentPostprocessing = 0;
		};
/* End PBXFrameworksBuildPhase section */

/* Begin PBXGroup section */
		7E3DBA2126DF1F5C00ACFA2F = {
			isa = PBXGroup;
			children = (
				7E3DBA2C26DF1F5C00ACFA2F /* MyGrade */,
				7E3DBA2B26DF1F5C00ACFA2F /* Products */,
			);
			sourceTree = "<group>";
		};
		7E3DBA2B26DF1F5C00ACFA2F /* Products */ = {
			isa = PBXGroup;
			children = (
				7E3DBA2A26DF1F5C00ACFA2F /* MyGrade.app */,
			);
			name = Products;
			sourceTree = "<group>";
		};
		7E3DBA2C26DF1F5C00ACFA2F /* MyGrade */ = {
			isa = PBXGroup;
			children = (
				7E3DBA8426EA66A800ACFA2F /* Data */,
				7E3DBA4B26DFF6F300ACFA2F /* Model */,
				7E3DBA4426DF29DA00ACFA2F /* View Controllers */,
				7E3DBA4326DF29D300ACFA2F /* Views */,
				7E3DBA2D26DF1F5C00ACFA2F /* AppDelegate.swift */,
				7E3DBA2F26DF1F5C00ACFA2F /* SceneDelegate.swift */,
				7E3DBA3626DF1F6000ACFA2F /* Assets.xcassets */,
				7E3DBA3826DF1F6000ACFA2F /* LaunchScreen.storyboard */,
				7E3DBA3B26DF1F6000ACFA2F /* Info.plist */,
			);
			path = MyGrade;
			sourceTree = "<group>";
		};
		7E3DBA4326DF29D300ACFA2F /* Views */ = {
			isa = PBXGroup;
			children = (
				7E3DBA4E26E311FA00ACFA2F /* Table View Cells */,
				7E3DBA4526DF29F000ACFA2F /* HomeView.swift */,
				7E3DBA4926DFF57000ACFA2F /* NewClassView.swift */,
			);
			path = Views;
			sourceTree = "<group>";
		};
		7E3DBA4426DF29DA00ACFA2F /* View Controllers */ = {
			isa = PBXGroup;
			children = (
				7E3DBA4126DF206300ACFA2F /* HomeViewController.swift */,
				7E3DBA4726DFF55300ACFA2F /* NewClassViewController.swift */,
			);
			path = "View Controllers";
			sourceTree = "<group>";
		};
		7E3DBA4B26DFF6F300ACFA2F /* Model */ = {
			isa = PBXGroup;
			children = (
				7E3DBA4C26DFF71200ACFA2F /* Class.swift */,
			);
			path = Model;
			sourceTree = "<group>";
		};
		7E3DBA4E26E311FA00ACFA2F /* Table View Cells */ = {
			isa = PBXGroup;
			children = (
				7E3DBA4F26E3122C00ACFA2F /* ClassNameCell.swift */,
				7E3DBA8726EA92B500ACFA2F /* ClassListCell.swift */,
			);
			path = "Table View Cells";
			sourceTree = "<group>";
		};
		7E3DBA8126E9AB2E00ACFA2F /* Enums */ = {
			isa = PBXGroup;
			children = (
				7E3DBA8226E9AB4100ACFA2F /* TextFieldTags.swift */,
				7E3DBA8526EA85F000ACFA2F /* TableViewCellsIdentifier.swift */,
			);
			path = Enums;
			sourceTree = "<group>";
		};
		7E3DBA8426EA66A800ACFA2F /* Data */ = {
			isa = PBXGroup;
			children = (
				7E3DBA7A26E477C200ACFA2F /* MyGrade.xcdatamodeld */,
				7E3DBA8126E9AB2E00ACFA2F /* Enums */,
			);
			path = Data;
			sourceTree = "<group>";
		};
/* End PBXGroup section */

/* Begin PBXNativeTarget section */
		7E3DBA2926DF1F5C00ACFA2F /* MyGrade */ = {
			isa = PBXNativeTarget;
			buildConfigurationList = 7E3DBA3E26DF1F6000ACFA2F /* Build configuration list for PBXNativeTarget "MyGrade" */;
			buildPhases = (
				7E3DBA2626DF1F5C00ACFA2F /* Sources */,
				7E3DBA2726DF1F5C00ACFA2F /* Frameworks */,
				7E3DBA2826DF1F5C00ACFA2F /* Resources */,
			);
			buildRules = (
			);
			dependencies = (
			);
			name = MyGrade;
			productName = MyGrade;
			productReference = 7E3DBA2A26DF1F5C00ACFA2F /* MyGrade.app */;
			productType = "com.apple.product-type.application";
		};
/* End PBXNativeTarget section */

/* Begin PBXProject section */
		7E3DBA2226DF1F5C00ACFA2F /* Project object */ = {
			isa = PBXProject;
			attributes = {
				LastSwiftUpdateCheck = 1250;
				LastUpgradeCheck = 1250;
				TargetAttributes = {
					7E3DBA2926DF1F5C00ACFA2F = {
						CreatedOnToolsVersion = 12.5.1;
					};
				};
			};
			buildConfigurationList = 7E3DBA2526DF1F5C00ACFA2F /* Build configuration list for PBXProject "MyGrade" */;
			compatibilityVersion = "Xcode 9.3";
			developmentRegion = en;
			hasScannedForEncodings = 0;
			knownRegions = (
				en,
				Base,
			);
			mainGroup = 7E3DBA2126DF1F5C00ACFA2F;
			productRefGroup = 7E3DBA2B26DF1F5C00ACFA2F /* Products */;
			projectDirPath = "";
			projectRoot = "";
			targets = (
				7E3DBA2926DF1F5C00ACFA2F /* MyGrade */,
			);
		};
/* End PBXProject section */

/* Begin PBXResourcesBuildPhase section */
		7E3DBA2826DF1F5C00ACFA2F /* Resources */ = {
			isa = PBXResourcesBuildPhase;
			buildActionMask = 2147483647;
			files = (
				7E3DBA3A26DF1F6000ACFA2F /* LaunchScreen.storyboard in Resources */,
				7E3DBA3726DF1F6000ACFA2F /* Assets.xcassets in Resources */,
			);
			runOnlyForDeploymentPostprocessing = 0;
		};
/* End PBXResourcesBuildPhase section */

/* Begin PBXSourcesBuildPhase section */
		7E3DBA2626DF1F5C00ACFA2F /* Sources */ = {
			isa = PBXSourcesBuildPhase;
			buildActionMask = 2147483647;
			files = (
				7E3DBA8826EA92B500ACFA2F /* ClassListCell.swift in Sources */,
				7E3DBA2E26DF1F5C00ACFA2F /* AppDelegate.swift in Sources */,
				7E3DBA7C26E477C200ACFA2F /* MyGrade.xcdatamodeld in Sources */,
				7E3DBA8326E9AB4100ACFA2F /* TextFieldTags.swift in Sources */,
				7E3DBA4626DF29F000ACFA2F /* HomeView.swift in Sources */,
				7E3DBA4D26DFF71200ACFA2F /* Class.swift in Sources */,
				7E3DBA3026DF1F5C00ACFA2F /* SceneDelegate.swift in Sources */,
				7E3DBA4226DF206300ACFA2F /* HomeViewController.swift in Sources */,
				7E3DBA5026E3122C00ACFA2F /* ClassNameCell.swift in Sources */,
				7E3DBA4A26DFF57000ACFA2F /* NewClassView.swift in Sources */,
				7E3DBA8626EA85F000ACFA2F /* TableViewCellsIdentifier.swift in Sources */,
				7E3DBA4826DFF55300ACFA2F /* NewClassViewController.swift in Sources */,
			);
			runOnlyForDeploymentPostprocessing = 0;
		};
/* End PBXSourcesBuildPhase section */

/* Begin PBXVariantGroup section */
		7E3DBA3826DF1F6000ACFA2F /* LaunchScreen.storyboard */ = {
			isa = PBXVariantGroup;
			children = (
				7E3DBA3926DF1F6000ACFA2F /* Base */,
			);
			name = LaunchScreen.storyboard;
			sourceTree = "<group>";
		};
/* End PBXVariantGroup section */

/* Begin XCBuildConfiguration section */
		7E3DBA3C26DF1F6000ACFA2F /* Debug */ = {
			isa = XCBuildConfiguration;
			buildSettings = {
				ALWAYS_SEARCH_USER_PATHS = NO;
				CLANG_ANALYZER_NONNULL = YES;
				CLANG_ANALYZER_NUMBER_OBJECT_CONVERSION = YES_AGGRESSIVE;
				CLANG_CXX_LANGUAGE_STANDARD = "gnu++14";
				CLANG_CXX_LIBRARY = "libc++";
				CLANG_ENABLE_MODULES = YES;
				CLANG_ENABLE_OBJC_ARC = YES;
				CLANG_ENABLE_OBJC_WEAK = YES;
				CLANG_WARN_BLOCK_CAPTURE_AUTORELEASING = YES;
				CLANG_WARN_BOOL_CONVERSION = YES;
				CLANG_WARN_COMMA = YES;
				CLANG_WARN_CONSTANT_CONVERSION = YES;
				CLANG_WARN_DEPRECATED_OBJC_IMPLEMENTATIONS = YES;
				CLANG_WARN_DIRECT_OBJC_ISA_USAGE = YES_ERROR;
				CLANG_WARN_DOCUMENTATION_COMMENTS = YES;
				CLANG_WARN_EMPTY_BODY = YES;
				CLANG_WARN_ENUM_CONVERSION = YES;
				CLANG_WARN_INFINITE_RECURSION = YES;
				CLANG_WARN_INT_CONVERSION = YES;
				CLANG_WARN_NON_LITERAL_NULL_CONVERSION = YES;
				CLANG_WARN_OBJC_IMPLICIT_RETAIN_SELF = YES;
				CLANG_WARN_OBJC_LITERAL_CONVERSION = YES;
				CLANG_WARN_OBJC_ROOT_CLASS = YES_ERROR;
				CLANG_WARN_QUOTED_INCLUDE_IN_FRAMEWORK_HEADER = YES;
				CLANG_WARN_RANGE_LOOP_ANALYSIS = YES;
				CLANG_WARN_STRICT_PROTOTYPES = YES;
				CLANG_WARN_SUSPICIOUS_MOVE = YES;
				CLANG_WARN_UNGUARDED_AVAILABILITY = YES_AGGRESSIVE;
				CLANG_WARN_UNREACHABLE_CODE = YES;
				CLANG_WARN__DUPLICATE_METHOD_MATCH = YES;
				COPY_PHASE_STRIP = NO;
				DEBUG_INFORMATION_FORMAT = dwarf;
				ENABLE_STRICT_OBJC_MSGSEND = YES;
				ENABLE_TESTABILITY = YES;
				GCC_C_LANGUAGE_STANDARD = gnu11;
				GCC_DYNAMIC_NO_PIC = NO;
				GCC_NO_COMMON_BLOCKS = YES;
				GCC_OPTIMIZATION_LEVEL = 0;
				GCC_PREPROCESSOR_DEFINITIONS = (
					"DEBUG=1",
					"$(inherited)",
				);
				GCC_WARN_64_TO_32_BIT_CONVERSION = YES;
				GCC_WARN_ABOUT_RETURN_TYPE = YES_ERROR;
				GCC_WARN_UNDECLARED_SELECTOR = YES;
				GCC_WARN_UNINITIALIZED_AUTOS = YES_AGGRESSIVE;
				GCC_WARN_UNUSED_FUNCTION = YES;
				GCC_WARN_UNUSED_VARIABLE = YES;
				IPHONEOS_DEPLOYMENT_TARGET = 14.5;
				MTL_ENABLE_DEBUG_INFO = INCLUDE_SOURCE;
				MTL_FAST_MATH = YES;
				ONLY_ACTIVE_ARCH = YES;
				SDKROOT = iphoneos;
				SWIFT_ACTIVE_COMPILATION_CONDITIONS = DEBUG;
				SWIFT_OPTIMIZATION_LEVEL = "-Onone";
			};
			name = Debug;
		};
		7E3DBA3D26DF1F6000ACFA2F /* Release */ = {
			isa = XCBuildConfiguration;
			buildSettings = {
				ALWAYS_SEARCH_USER_PATHS = NO;
				CLANG_ANALYZER_NONNULL = YES;
				CLANG_ANALYZER_NUMBER_OBJECT_CONVERSION = YES_AGGRESSIVE;
				CLANG_CXX_LANGUAGE_STANDARD = "gnu++14";
				CLANG_CXX_LIBRARY = "libc++";
				CLANG_ENABLE_MODULES = YES;
				CLANG_ENABLE_OBJC_ARC = YES;
				CLANG_ENABLE_OBJC_WEAK = YES;
				CLANG_WARN_BLOCK_CAPTURE_AUTORELEASING = YES;
				CLANG_WARN_BOOL_CONVERSION = YES;
				CLANG_WARN_COMMA = YES;
				CLANG_WARN_CONSTANT_CONVERSION = YES;
				CLANG_WARN_DEPRECATED_OBJC_IMPLEMENTATIONS = YES;
				CLANG_WARN_DIRECT_OBJC_ISA_USAGE = YES_ERROR;
				CLANG_WARN_DOCUMENTATION_COMMENTS = YES;
				CLANG_WARN_EMPTY_BODY = YES;
				CLANG_WARN_ENUM_CONVERSION = YES;
				CLANG_WARN_INFINITE_RECURSION = YES;
				CLANG_WARN_INT_CONVERSION = YES;
				CLANG_WARN_NON_LITERAL_NULL_CONVERSION = YES;
				CLANG_WARN_OBJC_IMPLICIT_RETAIN_SELF = YES;
				CLANG_WARN_OBJC_LITERAL_CONVERSION = YES;
				CLANG_WARN_OBJC_ROOT_CLASS = YES_ERROR;
				CLANG_WARN_QUOTED_INCLUDE_IN_FRAMEWORK_HEADER = YES;
				CLANG_WARN_RANGE_LOOP_ANALYSIS = YES;
				CLANG_WARN_STRICT_PROTOTYPES = YES;
				CLANG_WARN_SUSPICIOUS_MOVE = YES;
				CLANG_WARN_UNGUARDED_AVAILABILITY = YES_AGGRESSIVE;
				CLANG_WARN_UNREACHABLE_CODE = YES;
				CLANG_WARN__DUPLICATE_METHOD_MATCH = YES;
				COPY_PHASE_STRIP = NO;
				DEBUG_INFORMATION_FORMAT = "dwarf-with-dsym";
				ENABLE_NS_ASSERTIONS = NO;
				ENABLE_STRICT_OBJC_MSGSEND = YES;
				GCC_C_LANGUAGE_STANDARD = gnu11;
				GCC_NO_COMMON_BLOCKS = YES;
				GCC_WARN_64_TO_32_BIT_CONVERSION = YES;
				GCC_WARN_ABOUT_RETURN_TYPE = YES_ERROR;
				GCC_WARN_UNDECLARED_SELECTOR = YES;
				GCC_WARN_UNINITIALIZED_AUTOS = YES_AGGRESSIVE;
				GCC_WARN_UNUSED_FUNCTION = YES;
				GCC_WARN_UNUSED_VARIABLE = YES;
				IPHONEOS_DEPLOYMENT_TARGET = 14.5;
				MTL_ENABLE_DEBUG_INFO = NO;
				MTL_FAST_MATH = YES;
				SDKROOT = iphoneos;
				SWIFT_COMPILATION_MODE = wholemodule;
				SWIFT_OPTIMIZATION_LEVEL = "-O";
				VALIDATE_PRODUCT = YES;
			};
			name = Release;
		};
		7E3DBA3F26DF1F6000ACFA2F /* Debug */ = {
			isa = XCBuildConfiguration;
			buildSettings = {
				ASSETCATALOG_COMPILER_APPICON_NAME = AppIcon;
				ASSETCATALOG_COMPILER_GLOBAL_ACCENT_COLOR_NAME = AccentColor;
				CODE_SIGN_STYLE = Automatic;
				DEVELOPMENT_TEAM = X52GB5KTTK;
				INFOPLIST_FILE = MyGrade/Info.plist;
				LD_RUNPATH_SEARCH_PATHS = (
					"$(inherited)",
					"@executable_path/Frameworks",
				);
				PRODUCT_BUNDLE_IDENTIFIER = com.samuelzaldivar.MyGrade;
				PRODUCT_NAME = "$(TARGET_NAME)";
				SWIFT_VERSION = 5.0;
				TARGETED_DEVICE_FAMILY = 1;
			};
			name = Debug;
		};
		7E3DBA4026DF1F6000ACFA2F /* Release */ = {
			isa = XCBuildConfiguration;
			buildSettings = {
				ASSETCATALOG_COMPILER_APPICON_NAME = AppIcon;
				ASSETCATALOG_COMPILER_GLOBAL_ACCENT_COLOR_NAME = AccentColor;
				CODE_SIGN_STYLE = Automatic;
				DEVELOPMENT_TEAM = X52GB5KTTK;
				INFOPLIST_FILE = MyGrade/Info.plist;
				LD_RUNPATH_SEARCH_PATHS = (
					"$(inherited)",
					"@executable_path/Frameworks",
				);
				PRODUCT_BUNDLE_IDENTIFIER = com.samuelzaldivar.MyGrade;
				PRODUCT_NAME = "$(TARGET_NAME)";
				SWIFT_VERSION = 5.0;
				TARGETED_DEVICE_FAMILY = 1;
			};
			name = Release;
		};
/* End XCBuildConfiguration section */

/* Begin XCConfigurationList section */
		7E3DBA2526DF1F5C00ACFA2F /* Build configuration list for PBXProject "MyGrade" */ = {
			isa = XCConfigurationList;
			buildConfigurations = (
				7E3DBA3C26DF1F6000ACFA2F /* Debug */,
				7E3DBA3D26DF1F6000ACFA2F /* Release */,
			);
			defaultConfigurationIsVisible = 0;
			defaultConfigurationName = Release;
		};
		7E3DBA3E26DF1F6000ACFA2F /* Build configuration list for PBXNativeTarget "MyGrade" */ = {
			isa = XCConfigurationList;
			buildConfigurations = (
				7E3DBA3F26DF1F6000ACFA2F /* Debug */,
				7E3DBA4026DF1F6000ACFA2F /* Release */,
			);
			defaultConfigurationIsVisible = 0;
			defaultConfigurationName = Release;
		};
/* End XCConfigurationList section */

/* Begin XCVersionGroup section */
		7E3DBA7A26E477C200ACFA2F /* MyGrade.xcdatamodeld */ = {
			isa = XCVersionGroup;
			children = (
				7E3DBA7B26E477C200ACFA2F /* MyGrade.xcdatamodel */,
			);
			currentVersion = 7E3DBA7B26E477C200ACFA2F /* MyGrade.xcdatamodel */;
			name = MyGrade.xcdatamodeld;
			path = MyGrade/Data/MyGrade.xcdatamodeld;
			sourceTree = SOURCE_ROOT;
			versionGroupType = wrapper.xcdatamodel;
		};
/* End XCVersionGroup section */
	};
	rootObject = 7E3DBA2226DF1F5C00ACFA2F /* Project object */;
}
